{
    "version": 3,
    "terraform_version": "0.11.11",
    "serial": 5,
    "lineage": "a2cdee9d-33f8-a930-0580-ca9cac311ee3",
    "modules": [
        {
            "path": [
                "root"
            ],
            "outputs": {},
            "resources": {
                "digitalocean_droplet.dev": {
                    "type": "digitalocean_droplet",
                    "depends_on": [],
                    "primary": {
                        "id": "135362344",
                        "attributes": {
                            "backups": "true",
                            "disk": "160",
                            "id": "135362344",
                            "image": "ubuntu-18-10-x64",
                            "ipv4_address": "104.248.20.58",
                            "ipv4_address_private": "10.135.81.160",
                            "ipv6": "true",
                            "ipv6_address": "2a03:b0c0:3:e0::1a8:a001",
                            "ipv6_address_private": "",
                            "locked": "false",
                            "memory": "8192",
                            "monitoring": "false",
                            "name": "dev",
                            "price_hourly": "0.05952",
                            "price_monthly": "40",
                            "private_networking": "true",
                            "region": "fra1",
                            "resize_disk": "true",
                            "size": "s-4vcpu-8gb",
                            "ssh_keys.#": "1",
                            "ssh_keys.1456040533": "24146918",
                            "status": "active",
                            "tags.#": "0",
                            "vcpus": "4",
                            "volume_ids.#": "0"
                        },
                        "meta": {
                            "schema_version": "1"
                        },
                        "tainted": true
                    },
                    "deposed": [],
                    "provider": "provider.digitalocean"
                }
            },
            "depends_on": []
        }
    ]
}
